
Microsoft Visual Studio Solution File, Format Version 12.00
# Visual Studio 14
VisualStudioVersion = 14.0.23107.0
MinimumVisualStudioVersion = 10.0.40219.1
Project("{FAE04EC0-301F-11D3-BF4B-00C04F79EFBC}") = "SeiveOfEratosthenes", "SeiveOfEratosthenes\SeiveOfEratosthenes.csproj", "{F1E37DE5-2D8F-4958-8F0D-F91AD5E5B8AB}"
EndProject
Project("{FAE04EC0-301F-11D3-BF4B-00C04F79EFBC}") = "SeiveOfEratosthenesTests", "SeiveOfEratosthenesTests\SeiveOfEratosthenesTests.csproj", "{EF791C5B-953A-4C05-AD36-F18ED741F643}"
EndProject
Project("{FAE04EC0-301F-11D3-BF4B-00C04F79EFBC}") = "FindPrimes", "FindPrimes\FindPrimes.csproj", "{4ED6B02B-B55F-4875-A405-3D49BB13F21D}"
EndProject
Global
	GlobalSection(SolutionConfigurationPlatforms) = preSolution
		Debug|Any CPU = Debug|Any CPU
		Release|Any CPU = Release|Any CPU
	EndGlobalSection
	GlobalSection(ProjectConfigurationPlatforms) = postSolution
		{F1E37DE5-2D8F-4958-8F0D-F91AD5E5B8AB}.Debug|Any CPU.ActiveCfg = Debug|Any CPU
		{F1E37DE5-2D8F-4958-8F0D-F91AD5E5B8AB}.Debug|Any CPU.Build.0 = Debug|Any CPU
		{F1E37DE5-2D8F-4958-8F0D-F91AD5E5B8AB}.Release|Any CPU.ActiveCfg = Release|Any CPU
		{F1E37DE5-2D8F-4958-8F0D-F91AD5E5B8AB}.Release|Any CPU.Build.0 = Release|Any CPU
		{EF791C5B-953A-4C05-AD36-F18ED741F643}.Debug|Any CPU.ActiveCfg = Debug|Any CPU
		{EF791C5B-953A-4C05-AD36-F18ED741F643}.Debug|Any CPU.Build.0 = Debug|Any CPU
		{EF791C5B-953A-4C05-AD36-F18ED741F643}.Release|Any CPU.ActiveCfg = Release|Any CPU
		{EF791C5B-953A-4C05-AD36-F18ED741F643}.Release|Any CPU.Build.0 = Release|Any CPU
		{4ED6B02B-B55F-4875-A405-3D49BB13F21D}.Debug|Any CPU.ActiveCfg = Debug|Any CPU
		{4ED6B02B-B55F-4875-A405-3D49BB13F21D}.Debug|Any CPU.Build.0 = Debug|Any CPU
		{4ED6B02B-B55F-4875-A405-3D49BB13F21D}.Release|Any CPU.ActiveCfg = Release|Any CPU
		{4ED6B02B-B55F-4875-A405-3D49BB13F21D}.Release|Any CPU.Build.0 = Release|Any CPU
	EndGlobalSection
	GlobalSection(SolutionProperties) = preSolution
		HideSolutionNode = FALSE
	EndGlobalSection
EndGlobal
